// !$*UTF8*$!
{
	archiveVersion = 1;
	classes = {
	};
	objectVersion = 55;
	objects = {

/* Begin PBXBuildFile section */
		BA1E9E1427CB1F3A00CBEE17 /* AppDelegate.swift in Sources */ = {isa = PBXBuildFile; fileRef = BA1E9E1327CB1F3A00CBEE17 /* AppDelegate.swift */; };
		BA1E9E1627CB1F3A00CBEE17 /* SceneDelegate.swift in Sources */ = {isa = PBXBuildFile; fileRef = BA1E9E1527CB1F3A00CBEE17 /* SceneDelegate.swift */; };
		BA1E9E1827CB1F3A00CBEE17 /* ViewController.swift in Sources */ = {isa = PBXBuildFile; fileRef = BA1E9E1727CB1F3A00CBEE17 /* ViewController.swift */; };
		BA1E9E1B27CB1F3A00CBEE17 /* Main.storyboard in Resources */ = {isa = PBXBuildFile; fileRef = BA1E9E1927CB1F3A00CBEE17 /* Main.storyboard */; };
		BA1E9E1D27CB1F3C00CBEE17 /* Assets.xcassets in Resources */ = {isa = PBXBuildFile; fileRef = BA1E9E1C27CB1F3C00CBEE17 /* Assets.xcassets */; };
		BA1E9E2027CB1F3C00CBEE17 /* LaunchScreen.storyboard in Resources */ = {isa = PBXBuildFile; fileRef = BA1E9E1E27CB1F3C00CBEE17 /* LaunchScreen.storyboard */; };
		BA1E9E2B27CB1F3C00CBEE17 /* timerAppTests.swift in Sources */ = {isa = PBXBuildFile; fileRef = BA1E9E2A27CB1F3C00CBEE17 /* timerAppTests.swift */; };
		BA1E9E3527CB1F3C00CBEE17 /* timerAppUITests.swift in Sources */ = {isa = PBXBuildFile; fileRef = BA1E9E3427CB1F3C00CBEE17 /* timerAppUITests.swift */; };
		BA1E9E3727CB1F3C00CBEE17 /* timerAppUITestsLaunchTests.swift in Sources */ = {isa = PBXBuildFile; fileRef = BA1E9E3627CB1F3C00CBEE17 /* timerAppUITestsLaunchTests.swift */; };
/* End PBXBuildFile section */

/* Begin PBXContainerItemProxy section */
		BA1E9E2727CB1F3C00CBEE17 /* PBXContainerItemProxy */ = {
			isa = PBXContainerItemProxy;
			containerPortal = BA1E9E0827CB1F3A00CBEE17 /* Project object */;
			proxyType = 1;
			remoteGlobalIDString = BA1E9E0F27CB1F3A00CBEE17;
			remoteInfo = timerApp;
		};
		BA1E9E3127CB1F3C00CBEE17 /* PBXContainerItemProxy */ = {
			isa = PBXContainerItemProxy;
			containerPortal = BA1E9E0827CB1F3A00CBEE17 /* Project object */;
			proxyType = 1;
			remoteGlobalIDString = BA1E9E0F27CB1F3A00CBEE17;
			remoteInfo = timerApp;
		};
/* End PBXContainerItemProxy section */

/* Begin PBXFileReference section */
		BA1E9E1027CB1F3A00CBEE17 /* timerApp.app */ = {isa = PBXFileReference; explicitFileType = wrapper.application; includeInIndex = 0; path = timerApp.app; sourceTree = BUILT_PRODUCTS_DIR; };
		BA1E9E1327CB1F3A00CBEE17 /* AppDelegate.swift */ = {isa = PBXFileReference; lastKnownFileType = sourcecode.swift; path = AppDelegate.swift; sourceTree = "<group>"; };
		BA1E9E1527CB1F3A00CBEE17 /* SceneDelegate.swift */ = {isa = PBXFileReference; lastKnownFileType = sourcecode.swift; path = SceneDelegate.swift; sourceTree = "<group>"; };
		BA1E9E1727CB1F3A00CBEE17 /* ViewController.swift */ = {isa = PBXFileReference; lastKnownFileType = sourcecode.swift; path = ViewController.swift; sourceTree = "<group>"; };
		BA1E9E1A27CB1F3A00CBEE17 /* Base */ = {isa = PBXFileReference; lastKnownFileType = file.storyboard; name = Base; path = Base.lproj/Main.storyboard; sourceTree = "<group>"; };
		BA1E9E1C27CB1F3C00CBEE17 /* Assets.xcassets */ = {isa = PBXFileReference; lastKnownFileType = folder.assetcatalog; path = Assets.xcassets; sourceTree = "<group>"; };
		BA1E9E1F27CB1F3C00CBEE17 /* Base */ = {isa = PBXFileReference; lastKnownFileType = file.storyboard; name = Base; path = Base.lproj/LaunchScreen.storyboard; sourceTree = "<group>"; };
		BA1E9E2127CB1F3C00CBEE17 /* Info.plist */ = {isa = PBXFileReference; lastKnownFileType = text.plist.xml; path = Info.plist; sourceTree = "<group>"; };
		BA1E9E2627CB1F3C00CBEE17 /* timerAppTests.xctest */ = {isa = PBXFileReference; explicitFileType = wrapper.cfbundle; includeInIndex = 0; path = timerAppTests.xctest; sourceTree = BUILT_PRODUCTS_DIR; };
		BA1E9E2A27CB1F3C00CBEE17 /* timerAppTests.swift */ = {isa = PBXFileReference; lastKnownFileType = sourcecode.swift; path = timerAppTests.swift; sourceTree = "<group>"; };
		BA1E9E3027CB1F3C00CBEE17 /* timerAppUITests.xctest */ = {isa = PBXFileReference; explicitFileType = wrapper.cfbundle; includeInIndex = 0; path = timerAppUITests.xctest; sourceTree = BUILT_PRODUCTS_DIR; };
		BA1E9E3427CB1F3C00CBEE17 /* timerAppUITests.swift */ = {isa = PBXFileReference; lastKnownFileType = sourcecode.swift; path = timerAppUITests.swift; sourceTree = "<group>"; };
		BA1E9E3627CB1F3C00CBEE17 /* timerAppUITestsLaunchTests.swift */ = {isa = PBXFileReference; lastKnownFileType = sourcecode.swift; path = timerAppUITestsLaunchTests.swift; sourceTree = "<group>"; };
/* End PBXFileReference section */

/* Begin PBXFrameworksBuildPhase section */
		BA1E9E0D27CB1F3A00CBEE17 /* Frameworks */ = {
			isa = PBXFrameworksBuildPhase;
			buildActionMask = 2147483647;
			files = (
			);
			runOnlyForDeploymentPostprocessing = 0;
		};
		BA1E9E2327CB1F3C00CBEE17 /* Frameworks */ = {
			isa = PBXFrameworksBuildPhase;
			buildActionMask = 2147483647;
			files = (
			);
			runOnlyForDeploymentPostprocessing = 0;
		};
		BA1E9E2D27CB1F3C00CBEE17 /* Frameworks */ = {
			isa = PBXFrameworksBuildPhase;
			buildActionMask = 2147483647;
			files = (
			);
			runOnlyForDeploymentPostprocessing = 0;
		};
/* End PBXFrameworksBuildPhase section */

/* Begin PBXGroup section */
		BA1E9E0727CB1F3A00CBEE17 = {
			isa = PBXGroup;
			children = (
				BA1E9E1227CB1F3A00CBEE17 /* timerApp */,
				BA1E9E2927CB1F3C00CBEE17 /* timerAppTests */,
				BA1E9E3327CB1F3C00CBEE17 /* timerAppUITests */,
				BA1E9E1127CB1F3A00CBEE17 /* Products */,
			);
			sourceTree = "<group>";
		};
		BA1E9E1127CB1F3A00CBEE17 /* Products */ = {
			isa = PBXGroup;
			children = (
				BA1E9E1027CB1F3A00CBEE17 /* timerApp.app */,
				BA1E9E2627CB1F3C00CBEE17 /* timerAppTests.xctest */,
				BA1E9E3027CB1F3C00CBEE17 /* timerAppUITests.xctest */,
			);
			name = Products;
			sourceTree = "<group>";
		};
		BA1E9E1227CB1F3A00CBEE17 /* timerApp */ = {
			isa = PBXGroup;
			children = (
				BA1E9E1327CB1F3A00CBEE17 /* AppDelegate.swift */,
				BA1E9E1527CB1F3A00CBEE17 /* SceneDelegate.swift */,
				BA1E9E1727CB1F3A00CBEE17 /* ViewController.swift */,
				BA1E9E1927CB1F3A00CBEE17 /* Main.storyboard */,
				BA1E9E1C27CB1F3C00CBEE17 /* Assets.xcassets */,
				BA1E9E1E27CB1F3C00CBEE17 /* LaunchScreen.storyboard */,
				BA1E9E2127CB1F3C00CBEE17 /* Info.plist */,
			);
			path = timerApp;
			sourceTree = "<group>";
		};
		BA1E9E2927CB1F3C00CBEE17 /* timerAppTests */ = {
			isa = PBXGroup;
			children = (
				BA1E9E2A27CB1F3C00CBEE17 /* timerAppTests.swift */,
			);
			path = timerAppTests;
			sourceTree = "<group>";
		};
		BA1E9E3327CB1F3C00CBEE17 /* timerAppUITests */ = {
			isa = PBXGroup;
			children = (
				BA1E9E3427CB1F3C00CBEE17 /* timerAppUITests.swift */,
				BA1E9E3627CB1F3C00CBEE17 /* timerAppUITestsLaunchTests.swift */,
			);
			path = timerAppUITests;
			sourceTree = "<group>";
		};
/* End PBXGroup section */

/* Begin PBXNativeTarget section */
		BA1E9E0F27CB1F3A00CBEE17 /* timerApp */ = {
			isa = PBXNativeTarget;
			buildConfigurationList = BA1E9E3A27CB1F3C00CBEE17 /* Build configuration list for PBXNativeTarget "timerApp" */;
			buildPhases = (
				BA1E9E0C27CB1F3A00CBEE17 /* Sources */,
				BA1E9E0D27CB1F3A00CBEE17 /* Frameworks */,
				BA1E9E0E27CB1F3A00CBEE17 /* Resources */,
			);
			buildRules = (
			);
			dependencies = (
			);
			name = timerApp;
			productName = timerApp;
			productReference = BA1E9E1027CB1F3A00CBEE17 /* timerApp.app */;
			productType = "com.apple.product-type.application";
		};
		BA1E9E2527CB1F3C00CBEE17 /* timerAppTests */ = {
			isa = PBXNativeTarget;
			buildConfigurationList = BA1E9E3D27CB1F3C00CBEE17 /* Build configuration list for PBXNativeTarget "timerAppTests" */;
			buildPhases = (
				BA1E9E2227CB1F3C00CBEE17 /* Sources */,
				BA1E9E2327CB1F3C00CBEE17 /* Frameworks */,
				BA1E9E2427CB1F3C00CBEE17 /* Resources */,
			);
			buildRules = (
			);
			dependencies = (
				BA1E9E2827CB1F3C00CBEE17 /* PBXTargetDependency */,
			);
			name = timerAppTests;
			productName = timerAppTests;
			productReference = BA1E9E2627CB1F3C00CBEE17 /* timerAppTests.xctest */;
			productType = "com.apple.product-type.bundle.unit-test";
		};
		BA1E9E2F27CB1F3C00CBEE17 /* timerAppUITests */ = {
			isa = PBXNativeTarget;
			buildConfigurationList = BA1E9E4027CB1F3C00CBEE17 /* Build configuration list for PBXNativeTarget "timerAppUITests" */;
			buildPhases = (
				BA1E9E2C27CB1F3C00CBEE17 /* Sources */,
				BA1E9E2D27CB1F3C00CBEE17 /* Frameworks */,
				BA1E9E2E27CB1F3C00CBEE17 /* Resources */,
			);
			buildRules = (
			);
			dependencies = (
				BA1E9E3227CB1F3C00CBEE17 /* PBXTargetDependency */,
			);
			name = timerAppUITests;
			productName = timerAppUITests;
			productReference = BA1E9E3027CB1F3C00CBEE17 /* timerAppUITests.xctest */;
			productType = "com.apple.product-type.bundle.ui-testing";
		};
/* End PBXNativeTarget section */

/* Begin PBXProject section */
		BA1E9E0827CB1F3A00CBEE17 /* Project object */ = {
			isa = PBXProject;
			attributes = {
				BuildIndependentTargetsInParallel = 1;
				LastSwiftUpdateCheck = 1320;
				LastUpgradeCheck = 1320;
				TargetAttributes = {
					BA1E9E0F27CB1F3A00CBEE17 = {
						CreatedOnToolsVersion = 13.2.1;
					};
					BA1E9E2527CB1F3C00CBEE17 = {
						CreatedOnToolsVersion = 13.2.1;
						TestTargetID = BA1E9E0F27CB1F3A00CBEE17;
					};
					BA1E9E2F27CB1F3C00CBEE17 = {
						CreatedOnToolsVersion = 13.2.1;
						TestTargetID = BA1E9E0F27CB1F3A00CBEE17;
					};
				};
			};
			buildConfigurationList = BA1E9E0B27CB1F3A00CBEE17 /* Build configuration list for PBXProject "timerApp" */;
			compatibilityVersion = "Xcode 13.0";
			developmentRegion = en;
			hasScannedForEncodings = 0;
			knownRegions = (
				en,
				Base,
			);
			mainGroup = BA1E9E0727CB1F3A00CBEE17;
			productRefGroup = BA1E9E1127CB1F3A00CBEE17 /* Products */;
			projectDirPath = "";
			projectRoot = "";
			targets = (
				BA1E9E0F27CB1F3A00CBEE17 /* timerApp */,
				BA1E9E2527CB1F3C00CBEE17 /* timerAppTests */,
				BA1E9E2F27CB1F3C00CBEE17 /* timerAppUITests */,
			);
		};
/* End PBXProject section */

/* Begin PBXResourcesBuildPhase section */
		BA1E9E0E27CB1F3A00CBEE17 /* Resources */ = {
			isa = PBXResourcesBuildPhase;
			buildActionMask = 2147483647;
			files = (
				BA1E9E2027CB1F3C00CBEE17 /* LaunchScreen.storyboard in Resources */,
				BA1E9E1D27CB1F3C00CBEE17 /* Assets.xcassets in Resources */,
				BA1E9E1B27CB1F3A00CBEE17 /* Main.storyboard in Resources */,
			);
			runOnlyForDeploymentPostprocessing = 0;
		};
		BA1E9E2427CB1F3C00CBEE17 /* Resources */ = {
			isa = PBXResourcesBuildPhase;
			buildActionMask = 2147483647;
			files = (
			);
			runOnlyForDeploymentPostprocessing = 0;
		};
		BA1E9E2E27CB1F3C00CBEE17 /* Resources */ = {
			isa = PBXResourcesBuildPhase;
			buildActionMask = 2147483647;
			files = (
			);
			runOnlyForDeploymentPostprocessing = 0;
		};
/* End PBXResourcesBuildPhase section */

/* Begin PBXSourcesBuildPhase section */
		BA1E9E0C27CB1F3A00CBEE17 /* Sources */ = {
			isa = PBXSourcesBuildPhase;
			buildActionMask = 2147483647;
			files = (
				BA1E9E1827CB1F3A00CBEE17 /* ViewController.swift in Sources */,
				BA1E9E1427CB1F3A00CBEE17 /* AppDelegate.swift in Sources */,
				BA1E9E1627CB1F3A00CBEE17 /* SceneDelegate.swift in Sources */,
			);
			runOnlyForDeploymentPostprocessing = 0;
		};
		BA1E9E2227CB1F3C00CBEE17 /* Sources */ = {
			isa = PBXSourcesBuildPhase;
			buildActionMask = 2147483647;
			files = (
				BA1E9E2B27CB1F3C00CBEE17 /* timerAppTests.swift in Sources */,
			);
			runOnlyForDeploymentPostprocessing = 0;
		};
		BA1E9E2C27CB1F3C00CBEE17 /* Sources */ = {
			isa = PBXSourcesBuildPhase;
			buildActionMask = 2147483647;
			files = (
				BA1E9E3727CB1F3C00CBEE17 /* timerAppUITestsLaunchTests.swift in Sources */,
				BA1E9E3527CB1F3C00CBEE17 /* timerAppUITests.swift in Sources */,
			);
			runOnlyForDeploymentPostprocessing = 0;
		};
/* End PBXSourcesBuildPhase section */

/* Begin PBXTargetDependency section */
		BA1E9E2827CB1F3C00CBEE17 /* PBXTargetDependency */ = {
			isa = PBXTargetDependency;
			target = BA1E9E0F27CB1F3A00CBEE17 /* timerApp */;
			targetProxy = BA1E9E2727CB1F3C00CBEE17 /* PBXContainerItemProxy */;
		};
		BA1E9E3227CB1F3C00CBEE17 /* PBXTargetDependency */ = {
			isa = PBXTargetDependency;
			target = BA1E9E0F27CB1F3A00CBEE17 /* timerApp */;
			targetProxy = BA1E9E3127CB1F3C00CBEE17 /* PBXContainerItemProxy */;
		};
/* End PBXTargetDependency section */

/* Begin PBXVariantGroup section */
		BA1E9E1927CB1F3A00CBEE17 /* Main.storyboard */ = {
			isa = PBXVariantGroup;
			children = (
				BA1E9E1A27CB1F3A00CBEE17 /* Base */,
			);
			name = Main.storyboard;
			sourceTree = "<group>";
		};
		BA1E9E1E27CB1F3C00CBEE17 /* LaunchScreen.storyboard */ = {
			isa = PBXVariantGroup;
			children = (
				BA1E9E1F27CB1F3C00CBEE17 /* Base */,
			);
			name = LaunchScreen.storyboard;
			sourceTree = "<group>";
		};
/* End PBXVariantGroup section */

/* Begin XCBuildConfiguration section */
		BA1E9E3827CB1F3C00CBEE17 /* Debug */ = {
			isa = XCBuildConfiguration;
			buildSettings = {
				ALWAYS_SEARCH_USER_PATHS = NO;
				CLANG_ANALYZER_NONNULL = YES;
				CLANG_ANALYZER_NUMBER_OBJECT_CONVERSION = YES_AGGRESSIVE;
				CLANG_CXX_LANGUAGE_STANDARD = "gnu++17";
				CLANG_CXX_LIBRARY = "libc++";
				CLANG_ENABLE_MODULES = YES;
				CLANG_ENABLE_OBJC_ARC = YES;
				CLANG_ENABLE_OBJC_WEAK = YES;
				CLANG_WARN_BLOCK_CAPTURE_AUTORELEASING = YES;
				CLANG_WARN_BOOL_CONVERSION = YES;
				CLANG_WARN_COMMA = YES;
				CLANG_WARN_CONSTANT_CONVERSION = YES;
				CLANG_WARN_DEPRECATED_OBJC_IMPLEMENTATIONS = YES;
				CLANG_WARN_DIRECT_OBJC_ISA_USAGE = YES_ERROR;
				CLANG_WARN_DOCUMENTATION_COMMENTS = YES;
				CLANG_WARN_EMPTY_BODY = YES;
				CLANG_WARN_ENUM_CONVERSION = YES;
				CLANG_WARN_INFINITE_RECURSION = YES;
				CLANG_WARN_INT_CONVERSION = YES;
				CLANG_WARN_NON_LITERAL_NULL_CONVERSION = YES;
				CLANG_WARN_OBJC_IMPLICIT_RETAIN_SELF = YES;
				CLANG_WARN_OBJC_LITERAL_CONVERSION = YES;
				CLANG_WARN_OBJC_ROOT_CLASS = YES_ERROR;
				CLANG_WARN_QUOTED_INCLUDE_IN_FRAMEWORK_HEADER = YES;
				CLANG_WARN_RANGE_LOOP_ANALYSIS = YES;
				CLANG_WARN_STRICT_PROTOTYPES = YES;
				CLANG_WARN_SUSPICIOUS_MOVE = YES;
				CLANG_WARN_UNGUARDED_AVAILABILITY = YES_AGGRESSIVE;
				CLANG_WARN_UNREACHABLE_CODE = YES;
				CLANG_WARN__DUPLICATE_METHOD_MATCH = YES;
				COPY_PHASE_STRIP = NO;
				DEBUG_INFORMATION_FORMAT = dwarf;
				ENABLE_STRICT_OBJC_MSGSEND = YES;
				ENABLE_TESTABILITY = YES;
				GCC_C_LANGUAGE_STANDARD = gnu11;
				GCC_DYNAMIC_NO_PIC = NO;
				GCC_NO_COMMON_BLOCKS = YES;
				GCC_OPTIMIZATION_LEVEL = 0;
				GCC_PREPROCESSOR_DEFINITIONS = (
					"DEBUG=1",
					"$(inherited)",
				);
				GCC_WARN_64_TO_32_BIT_CONVERSION = YES;
				GCC_WARN_ABOUT_RETURN_TYPE = YES_ERROR;
				GCC_WARN_UNDECLARED_SELECTOR = YES;
				GCC_WARN_UNINITIALIZED_AUTOS = YES_AGGRESSIVE;
				GCC_WARN_UNUSED_FUNCTION = YES;
				GCC_WARN_UNUSED_VARIABLE = YES;
				IPHONEOS_DEPLOYMENT_TARGET = 15.2;
				MTL_ENABLE_DEBUG_INFO = INCLUDE_SOURCE;
				MTL_FAST_MATH = YES;
				ONLY_ACTIVE_ARCH = YES;
				SDKROOT = iphoneos;
				SWIFT_ACTIVE_COMPILATION_CONDITIONS = DEBUG;
				SWIFT_OPTIMIZATION_LEVEL = "-Onone";
			};
			name = Debug;
		};
		BA1E9E3927CB1F3C00CBEE17 /* Release */ = {
			isa = XCBuildConfiguration;
			buildSettings = {
				ALWAYS_SEARCH_USER_PATHS = NO;
				CLANG_ANALYZER_NONNULL = YES;
				CLANG_ANALYZER_NUMBER_OBJECT_CONVERSION = YES_AGGRESSIVE;
				CLANG_CXX_LANGUAGE_STANDARD = "gnu++17";
				CLANG_CXX_LIBRARY = "libc++";
				CLANG_ENABLE_MODULES = YES;
				CLANG_ENABLE_OBJC_ARC = YES;
				CLANG_ENABLE_OBJC_WEAK = YES;
				CLANG_WARN_BLOCK_CAPTURE_AUTORELEASING = YES;
				CLANG_WARN_BOOL_CONVERSION = YES;
				CLANG_WARN_COMMA = YES;
				CLANG_WARN_CONSTANT_CONVERSION = YES;
				CLANG_WARN_DEPRECATED_OBJC_IMPLEMENTATIONS = YES;
				CLANG_WARN_DIRECT_OBJC_ISA_USAGE = YES_ERROR;
				CLANG_WARN_DOCUMENTATION_COMMENTS = YES;
				CLANG_WARN_EMPTY_BODY = YES;
				CLANG_WARN_ENUM_CONVERSION = YES;
				CLANG_WARN_INFINITE_RECURSION = YES;
				CLANG_WARN_INT_CONVERSION = YES;
				CLANG_WARN_NON_LITERAL_NULL_CONVERSION = YES;
				CLANG_WARN_OBJC_IMPLICIT_RETAIN_SELF = YES;
				CLANG_WARN_OBJC_LITERAL_CONVERSION = YES;
				CLANG_WARN_OBJC_ROOT_CLASS = YES_ERROR;
				CLANG_WARN_QUOTED_INCLUDE_IN_FRAMEWORK_HEADER = YES;
				CLANG_WARN_RANGE_LOOP_ANALYSIS = YES;
				CLANG_WARN_STRICT_PROTOTYPES = YES;
				CLANG_WARN_SUSPICIOUS_MOVE = YES;
				CLANG_WARN_UNGUARDED_AVAILABILITY = YES_AGGRESSIVE;
				CLANG_WARN_UNREACHABLE_CODE = YES;
				CLANG_WARN__DUPLICATE_METHOD_MATCH = YES;
				COPY_PHASE_STRIP = NO;
				DEBUG_INFORMATION_FORMAT = "dwarf-with-dsym";
				ENABLE_NS_ASSERTIONS = NO;
				ENABLE_STRICT_OBJC_MSGSEND = YES;
				GCC_C_LANGUAGE_STANDARD = gnu11;
				GCC_NO_COMMON_BLOCKS = YES;
				GCC_WARN_64_TO_32_BIT_CONVERSION = YES;
				GCC_WARN_ABOUT_RETURN_TYPE = YES_ERROR;
				GCC_WARN_UNDECLARED_SELECTOR = YES;
				GCC_WARN_UNINITIALIZED_AUTOS = YES_AGGRESSIVE;
				GCC_WARN_UNUSED_FUNCTION = YES;
				GCC_WARN_UNUSED_VARIABLE = YES;
				IPHONEOS_DEPLOYMENT_TARGET = 15.2;
				MTL_ENABLE_DEBUG_INFO = NO;
				MTL_FAST_MATH = YES;
				SDKROOT = iphoneos;
				SWIFT_COMPILATION_MODE = wholemodule;
				SWIFT_OPTIMIZATION_LEVEL = "-O";
				VALIDATE_PRODUCT = YES;
			};
			name = Release;
		};
		BA1E9E3B27CB1F3C00CBEE17 /* Debug */ = {
			isa = XCBuildConfiguration;
			buildSettings = {
				ASSETCATALOG_COMPILER_APPICON_NAME = AppIcon;
				ASSETCATALOG_COMPILER_GLOBAL_ACCENT_COLOR_NAME = AccentColor;
				CODE_SIGN_STYLE = Automatic;
				CURRENT_PROJECT_VERSION = 1;
				DEVELOPMENT_TEAM = UDN38C656M;
				GENERATE_INFOPLIST_FILE = YES;
				INFOPLIST_FILE = timerApp/Info.plist;
				INFOPLIST_KEY_UIApplicationSupportsIndirectInputEvents = YES;
				INFOPLIST_KEY_UILaunchStoryboardName = LaunchScreen;
				INFOPLIST_KEY_UIMainStoryboardFile = Main;
				INFOPLIST_KEY_UISupportedInterfaceOrientations_iPad = "UIInterfaceOrientationPortrait UIInterfaceOrientationPortraitUpsideDown UIInterfaceOrientationLandscapeLeft UIInterfaceOrientationLandscapeRight";
				INFOPLIST_KEY_UISupportedInterfaceOrientations_iPhone = "UIInterfaceOrientationPortrait UIInterfaceOrientationLandscapeLeft UIInterfaceOrientationLandscapeRight";
				LD_RUNPATH_SEARCH_PATHS = (
					"$(inherited)",
					"@executable_path/Frameworks",
				);
				MARKETING_VERSION = 1.0;
				PRODUCT_BUNDLE_IDENTIFIER = sinantanrikut.timerApp;
				PRODUCT_NAME = "$(TARGET_NAME)";
				SWIFT_EMIT_LOC_STRINGS = YES;
				SWIFT_VERSION = 5.0;
				TARGETED_DEVICE_FAMILY = "1,2";
			};
			name = Debug;
		};
		BA1E9E3C27CB1F3C00CBEE17 /* Release */ = {
			isa = XCBuildConfiguration;
			buildSettings = {
				ASSETCATALOG_COMPILER_APPICON_NAME = AppIcon;
				ASSETCATALOG_COMPILER_GLOBAL_ACCENT_COLOR_NAME = AccentColor;
				CODE_SIGN_STYLE = Automatic;
				CURRENT_PROJECT_VERSION = 1;
				DEVELOPMENT_TEAM = UDN38C656M;
				GENERATE_INFOPLIST_FILE = YES;
				INFOPLIST_FILE = timerApp/Info.plist;
				INFOPLIST_KEY_UIApplicationSupportsIndirectInputEvents = YES;
				INFOPLIST_KEY_UILaunchStoryboardName = LaunchScreen;
				INFOPLIST_KEY_UIMainStoryboardFile = Main;
				INFOPLIST_KEY_UISupportedInterfaceOrientations_iPad = "UIInterfaceOrientationPortrait UIInterfaceOrientationPortraitUpsideDown UIInterfaceOrientationLandscapeLeft UIInterfaceOrientationLandscapeRight";
				INFOPLIST_KEY_UISupportedInterfaceOrientations_iPhone = "UIInterfaceOrientationPortrait UIInterfaceOrientationLandscapeLeft UIInterfaceOrientationLandscapeRight";
				LD_RUNPATH_SEARCH_PATHS = (
					"$(inherited)",
					"@executable_path/Frameworks",
				);
				MARKETING_VERSION = 1.0;
				PRODUCT_BUNDLE_IDENTIFIER = sinantanrikut.timerApp;
				PRODUCT_NAME = "$(TARGET_NAME)";
				SWIFT_EMIT_LOC_STRINGS = YES;
				SWIFT_VERSION = 5.0;
				TARGETED_DEVICE_FAMILY = "1,2";
			};
			name = Release;
		};
		BA1E9E3E27CB1F3C00CBEE17 /* Debug */ = {
			isa = XCBuildConfiguration;
			buildSettings = {
				ALWAYS_EMBED_SWIFT_STANDARD_LIBRARIES = YES;
				BUNDLE_LOADER = "$(TEST_HOST)";
				CODE_SIGN_STYLE = Automatic;
				CURRENT_PROJECT_VERSION = 1;
				DEVELOPMENT_TEAM = UDN38C656M;
				GENERATE_INFOPLIST_FILE = YES;
				IPHONEOS_DEPLOYMENT_TARGET = 15.2;
				MARKETING_VERSION = 1.0;
				PRODUCT_BUNDLE_IDENTIFIER = sinantanrikut.timerAppTests;
				PRODUCT_NAME = "$(TARGET_NAME)";
				SWIFT_EMIT_LOC_STRINGS = NO;
				SWIFT_VERSION = 5.0;
				TARGETED_DEVICE_FAMILY = "1,2";
				TEST_HOST = "$(BUILT_PRODUCTS_DIR)/timerApp.app/timerApp";
			};
			name = Debug;
		};
		BA1E9E3F27CB1F3C00CBEE17 /* Release */ = {
			isa = XCBuildConfiguration;
			buildSettings = {
				ALWAYS_EMBED_SWIFT_STANDARD_LIBRARIES = YES;
				BUNDLE_LOADER = "$(TEST_HOST)";
				CODE_SIGN_STYLE = Automatic;
				CURRENT_PROJECT_VERSION = 1;
				DEVELOPMENT_TEAM = UDN38C656M;
				GENERATE_INFOPLIST_FILE = YES;
				IPHONEOS_DEPLOYMENT_TARGET = 15.2;
				MARKETING_VERSION = 1.0;
				PRODUCT_BUNDLE_IDENTIFIER = sinantanrikut.timerAppTests;
				PRODUCT_NAME = "$(TARGET_NAME)";
				SWIFT_EMIT_LOC_STRINGS = NO;
				SWIFT_VERSION = 5.0;
				TARGETED_DEVICE_FAMILY = "1,2";
				TEST_HOST = "$(BUILT_PRODUCTS_DIR)/timerApp.app/timerApp";
			};
			name = Release;
		};
		BA1E9E4127CB1F3C00CBEE17 /* Debug */ = {
			isa = XCBuildConfiguration;
			buildSettings = {
				ALWAYS_EMBED_SWIFT_STANDARD_LIBRARIES = YES;
				CODE_SIGN_STYLE = Automatic;
				CURRENT_PROJECT_VERSION = 1;
				DEVELOPMENT_TEAM = UDN38C656M;
				GENERATE_INFOPLIST_FILE = YES;
				MARKETING_VERSION = 1.0;
				PRODUCT_BUNDLE_IDENTIFIER = sinantanrikut.timerAppUITests;
				PRODUCT_NAME = "$(TARGET_NAME)";
				SWIFT_EMIT_LOC_STRINGS = NO;
				SWIFT_VERSION = 5.0;
				TARGETED_DEVICE_FAMILY = "1,2";
				TEST_TARGET_NAME = timerApp;
			};
			name = Debug;
		};
		BA1E9E4227CB1F3C00CBEE17 /* Release */ = {
			isa = XCBuildConfiguration;
			buildSettings = {
				ALWAYS_EMBED_SWIFT_STANDARD_LIBRARIES = YES;
				CODE_SIGN_STYLE = Automatic;
				CURRENT_PROJECT_VERSION = 1;
				DEVELOPMENT_TEAM = UDN38C656M;
				GENERATE_INFOPLIST_FILE = YES;
				MARKETING_VERSION = 1.0;
				PRODUCT_BUNDLE_IDENTIFIER = sinantanrikut.timerAppUITests;
				PRODUCT_NAME = "$(TARGET_NAME)";
				SWIFT_EMIT_LOC_STRINGS = NO;
				SWIFT_VERSION = 5.0;
				TARGETED_DEVICE_FAMILY = "1,2";
				TEST_TARGET_NAME = timerApp;
			};
			name = Release;
		};
/* End XCBuildConfiguration section */

/* Begin XCConfigurationList section */
		BA1E9E0B27CB1F3A00CBEE17 /* Build configuration list for PBXProject "timerApp" */ = {
			isa = XCConfigurationList;
			buildConfigurations = (
				BA1E9E3827CB1F3C00CBEE17 /* Debug */,
				BA1E9E3927CB1F3C00CBEE17 /* Release */,
			);
			defaultConfigurationIsVisible = 0;
			defaultConfigurationName = Release;
		};
		BA1E9E3A27CB1F3C00CBEE17 /* Build configuration list for PBXNativeTarget "timerApp" */ = {
			isa = XCConfigurationList;
			buildConfigurations = (
				BA1E9E3B27CB1F3C00CBEE17 /* Debug */,
				BA1E9E3C27CB1F3C00CBEE17 /* Release */,
			);
			defaultConfigurationIsVisible = 0;
			defaultConfigurationName = Release;
		};
		BA1E9E3D27CB1F3C00CBEE17 /* Build configuration list for PBXNativeTarget "timerAppTests" */ = {
			isa = XCConfigurationList;
			buildConfigurations = (
				BA1E9E3E27CB1F3C00CBEE17 /* Debug */,
				BA1E9E3F27CB1F3C00CBEE17 /* Release */,
			);
			defaultConfigurationIsVisible = 0;
			defaultConfigurationName = Release;
		};
		BA1E9E4027CB1F3C00CBEE17 /* Build configuration list for PBXNativeTarget "timerAppUITests" */ = {
			isa = XCConfigurationList;
			buildConfigurations = (
				BA1E9E4127CB1F3C00CBEE17 /* Debug */,
				BA1E9E4227CB1F3C00CBEE17 /* Release */,
			);
			defaultConfigurationIsVisible = 0;
			defaultConfigurationName = Release;
		};
/* End XCConfigurationList section */
	};
	rootObject = BA1E9E0827CB1F3A00CBEE17 /* Project object */;
}
